
Microsoft Visual Studio Solution File, Format Version 12.00
# Visual Studio Version 17
VisualStudioVersion = 17.3.32929.385
MinimumVisualStudioVersion = 10.0.40219.1
Project("{9A19103F-16F7-4668-BE54-9A1E7A4F7556}") = "Fatih AydınHW1", "FatihAydınHW1Recent\Fatih AydınHW1.csproj", "{3CD27CC5-63EF-4D89-91D2-8001AF82A355}"
EndProject
Global
	GlobalSection(SolutionConfigurationPlatforms) = preSolution
		Debug|Any CPU = Debug|Any CPU
		Release|Any CPU = Release|Any CPU
	EndGlobalSection
	GlobalSection(ProjectConfigurationPlatforms) = postSolution
		{3CD27CC5-63EF-4D89-91D2-8001AF82A355}.Debug|Any CPU.ActiveCfg = Debug|Any CPU
		{3CD27CC5-63EF-4D89-91D2-8001AF82A355}.Debug|Any CPU.Build.0 = Debug|Any CPU
		{3CD27CC5-63EF-4D89-91D2-8001AF82A355}.Release|Any CPU.ActiveCfg = Release|Any CPU
		{3CD27CC5-63EF-4D89-91D2-8001AF82A355}.Release|Any CPU.Build.0 = Release|Any CPU
	EndGlobalSection
	GlobalSection(SolutionProperties) = preSolution
		HideSolutionNode = FALSE
	EndGlobalSection
	GlobalSection(ExtensibilityGlobals) = postSolution
		SolutionGuid = {FDE9BF86-A3E1-45AE-8A71-5AF31138B467}
	EndGlobalSection
EndGlobal
